PODS:
  - SCRAttributedStringBuilder (1.1.5):
    - SCRAttributedStringBuilder/All (= 1.1.5)
  - SCRAttributedStringBuilder/All (1.1.5):
    - SCRAttributedStringBuilder/OC
    - SCRAttributedStringBuilder/Swift
  - SCRAttributedStringBuilder/OC (1.1.5)
  - SCRAttributedStringBuilder/Swift (1.1.5)

DEPENDENCIES:
  - SCRAttributedStringBuilder (from `../`)

EXTERNAL SOURCES:
  SCRAttributedStringBuilder:
    :path: "../"

SPEC CHECKSUMS:
  SCRAttributedStringBuilder: 367051a74246f6229372aae5daf88e1b0169f52a

PODFILE CHECKSUM: 86fd8b4bd5805e114cb3ea3b2ae830dc2b23aade

COCOAPODS: 1.10.0
